
Microsoft Visual Studio Solution File, Format Version 12.00
# Visual Studio 15
VisualStudioVersion = 15.0.28307.421
MinimumVisualStudioVersion = 10.0.40219.1
Project("{159641D6-6404-4A2A-AE62-294DE0FE8301}") = "ETLBasics", "ETLBasics\ETLBasics.dtproj", "{09FF97CC-B9AF-4BAC-B03E-FA8EB00C3D95}"
EndProject
Global
	GlobalSection(SolutionConfigurationPlatforms) = preSolution
		Development|Default = Development|Default
	EndGlobalSection
	GlobalSection(ProjectConfigurationPlatforms) = postSolution
		{09FF97CC-B9AF-4BAC-B03E-FA8EB00C3D95}.Development|Default.ActiveCfg = Development
		{09FF97CC-B9AF-4BAC-B03E-FA8EB00C3D95}.Development|Default.Build.0 = Development
	EndGlobalSection
	GlobalSection(SolutionProperties) = preSolution
		HideSolutionNode = FALSE
	EndGlobalSection
	GlobalSection(ExtensibilityGlobals) = postSolution
		SolutionGuid = {6D154F08-9811-484F-922F-4CD1B2E5B735}
	EndGlobalSection
EndGlobal
